
Microsoft Visual Studio Solution File, Format Version 11.00
# Visual Studio 2010
Project("{8BC9CEB8-8B4A-11D0-8D11-00A0C91BC942}") = "Spaghetti", "Spaghetti\Spaghetti.vcxproj", "{44F4486C-8F59-4E37-86F8-6FD3F8E67E59}"
EndProject
Project("{8BC9CEB8-8B4A-11D0-8D11-00A0C91BC942}") = "SAM", "SAM\SAM\SAM.vcxproj", "{6DAF37AF-C7D4-4CD8-925F-2B4031523CA8}"
EndProject
Global
	GlobalSection(SolutionConfigurationPlatforms) = preSolution
		Debug|Win32 = Debug|Win32
		Release|Win32 = Release|Win32
	EndGlobalSection
	GlobalSection(ProjectConfigurationPlatforms) = postSolution
		{44F4486C-8F59-4E37-86F8-6FD3F8E67E59}.Debug|Win32.ActiveCfg = Debug|Win32
		{44F4486C-8F59-4E37-86F8-6FD3F8E67E59}.Debug|Win32.Build.0 = Debug|Win32
		{44F4486C-8F59-4E37-86F8-6FD3F8E67E59}.Release|Win32.ActiveCfg = Release|Win32
		{44F4486C-8F59-4E37-86F8-6FD3F8E67E59}.Release|Win32.Build.0 = Release|Win32
		{6DAF37AF-C7D4-4CD8-925F-2B4031523CA8}.Debug|Win32.ActiveCfg = Debug|Win32
		{6DAF37AF-C7D4-4CD8-925F-2B4031523CA8}.Debug|Win32.Build.0 = Debug|Win32
		{6DAF37AF-C7D4-4CD8-925F-2B4031523CA8}.Release|Win32.ActiveCfg = Release|Win32
		{6DAF37AF-C7D4-4CD8-925F-2B4031523CA8}.Release|Win32.Build.0 = Release|Win32
	EndGlobalSection
	GlobalSection(SolutionProperties) = preSolution
		HideSolutionNode = FALSE
	EndGlobalSection
EndGlobal
