<?xml version="1.0" encoding="utf-8"?>
<Project ToolsVersion="4.0" xmlns="http://schemas.microsoft.com/developer/msbuild/2003">
  <ItemGroup>
    <Filter Include="Source Files">
      <UniqueIdentifier>{4FC737F1-C7A5-4376-A066-2A32D752A2FF}</UniqueIdentifier>
      <Extensions>cpp;c;cc;cxx;def;odl;idl;hpj;bat;asm;asmx</Extensions>
    </Filter>
    <Filter Include="Header Files">
      <UniqueIdentifier>{93995380-89BD-4b04-88EB-625FBE52EBFB}</UniqueIdentifier>
      <Extensions>h;hpp;hxx;hm;inl;inc;xsd</Extensions>
    </Filter>
    <Filter Include="Resource Files">
      <UniqueIdentifier>{67DA6AB6-F800-4c08-8B7A-83BB121AAD01}</UniqueIdentifier>
      <Extensions>rc;ico;cur;bmp;dlg;rc2;rct;bin;rgs;gif;jpg;jpeg;jpe;resx;tiff;tif;png;wav;mfcribbon-ms</Extensions>
    </Filter>
    <Filter Include="Source Files\OgreApplication">
      <UniqueIdentifier>{3e51f90b-4b69-4592-bc3e-f07064c8cdbe}</UniqueIdentifier>
    </Filter>
    <Filter Include="Source Files\OgreSetup">
      <UniqueIdentifier>{6eb25974-cec2-4130-ad02-40d0e0651020}</UniqueIdentifier>
    </Filter>
    <Filter Include="Header Files\OgreApplication">
      <UniqueIdentifier>{52dfcab3-cefc-4cd7-98b8-b6d569c4514b}</UniqueIdentifier>
    </Filter>
    <Filter Include="Header Files\OgreSetup">
      <UniqueIdentifier>{5c806b8f-e020-4280-b0c5-9ee07f072754}</UniqueIdentifier>
    </Filter>
    <Filter Include="Source Files\Spaghetti">
      <UniqueIdentifier>{2a0f94f1-96d8-47a9-b554-3cc216d25647}</UniqueIdentifier>
    </Filter>
    <Filter Include="Header Files\Spaghetti">
      <UniqueIdentifier>{d759a04c-24ea-40cf-a375-4d3d1ba9e0c0}</UniqueIdentifier>
    </Filter>
    <Filter Include="Header Files\Spaghetti\bounds">
      <UniqueIdentifier>{bc0389dc-a0c0-47b3-85de-df1bd79aff54}</UniqueIdentifier>
    </Filter>
    <Filter Include="Source Files\Spaghetti\bounds">
      <UniqueIdentifier>{8caedee7-09ef-4a02-9c3e-972d1f54d340}</UniqueIdentifier>
    </Filter>
    <Filter Include="Source Files\Spaghetti\bodies">
      <UniqueIdentifier>{7a2c0b70-03df-4d38-9abd-f20f04e81e4e}</UniqueIdentifier>
    </Filter>
    <Filter Include="Header Files\Spaghetti\bodies">
      <UniqueIdentifier>{7b662e3e-8301-4cb8-afad-de38a0cc6179}</UniqueIdentifier>
    </Filter>
    <Filter Include="Source Files\SceneLoading">
      <UniqueIdentifier>{c393a507-c36f-4190-8d61-e33f4663cc32}</UniqueIdentifier>
    </Filter>
    <Filter Include="Header Files\SceneLoading">
      <UniqueIdentifier>{4a128898-5a69-4a99-9092-484a0257c529}</UniqueIdentifier>
    </Filter>
    <Filter Include="Header Files\SceneLoading\Debugging">
      <UniqueIdentifier>{feb0bd93-6316-4433-96bc-c63336650cec}</UniqueIdentifier>
    </Filter>
    <Filter Include="Source Files\SceneLoading\Debugging">
      <UniqueIdentifier>{54c51a81-f25c-4e6d-a866-237484ea7113}</UniqueIdentifier>
    </Filter>
  </ItemGroup>
  <ItemGroup>
    <None Include="res\Spaghetti.ico">
      <Filter>Resource Files</Filter>
    </None>
  </ItemGroup>
  <ItemGroup>
    <ResourceCompile Include="res\Spaghetti.rc">
      <Filter>Resource Files</Filter>
    </ResourceCompile>
  </ItemGroup>
  <ItemGroup>
    <ClInclude Include="src\main.h">
      <Filter>Header Files</Filter>
    </ClInclude>
    <ClInclude Include="src\OgreApplication.h">
      <Filter>Header Files\OgreApplication</Filter>
    </ClInclude>
    <ClInclude Include="src\OgreWrapper.h">
      <Filter>Header Files\OgreSetup</Filter>
    </ClInclude>
    <ClInclude Include="src\Spaghetti\Spaghetti.h">
      <Filter>Header Files\Spaghetti</Filter>
    </ClInclude>
    <ClInclude Include="src\Spaghetti\CSpaghettiWorld.h">
      <Filter>Header Files\Spaghetti</Filter>
    </ClInclude>
    <ClInclude Include="src\Spaghetti\CSpaghettiRigidBody.h">
      <Filter>Header Files\Spaghetti</Filter>
    </ClInclude>
    <ClInclude Include="src\Spaghetti\CSpaghettiBounds.h">
      <Filter>Header Files\Spaghetti</Filter>
    </ClInclude>
    <ClInclude Include="src\Spaghetti\bounds\CSpaghettiBoundsBox.h">
      <Filter>Header Files\Spaghetti\bounds</Filter>
    </ClInclude>
    <ClInclude Include="src\Spaghetti\CSpaghettiRigidBodyBox.h">
      <Filter>Header Files\Spaghetti\bodies</Filter>
    </ClInclude>
    <ClInclude Include="src\Spaghetti\CSpaghettiRigidBodySphere.h">
      <Filter>Header Files\Spaghetti\bodies</Filter>
    </ClInclude>
    <ClInclude Include="src\Spaghetti\bounds\CSpaghettiBoundsSphere.h">
      <Filter>Header Files\Spaghetti\bounds</Filter>
    </ClInclude>
    <ClInclude Include="src\Spaghetti\CCollision.h">
      <Filter>Header Files\Spaghetti</Filter>
    </ClInclude>
    <ClInclude Include="src\SceneLoading\CSceneManager.h">
      <Filter>Header Files\SceneLoading</Filter>
    </ClInclude>
    <ClInclude Include="src\SceneLoading\CScene.h">
      <Filter>Header Files\SceneLoading</Filter>
    </ClInclude>
    <ClInclude Include="src\SceneLoading\Debug\DebugDrawer.h">
      <Filter>Header Files\SceneLoading\Debugging</Filter>
    </ClInclude>
  </ItemGroup>
  <ItemGroup>
    <ClCompile Include="src\main.cpp">
      <Filter>Source Files</Filter>
    </ClCompile>
    <ClCompile Include="src\OgreApplication.cpp">
      <Filter>Source Files\OgreApplication</Filter>
    </ClCompile>
    <ClCompile Include="src\OgreWrapper.cpp">
      <Filter>Source Files\OgreSetup</Filter>
    </ClCompile>
    <ClCompile Include="src\Spaghetti\Spaghetti.cpp">
      <Filter>Source Files\Spaghetti</Filter>
    </ClCompile>
    <ClCompile Include="src\Spaghetti\CSpaghettiWorld.cpp">
      <Filter>Source Files\Spaghetti</Filter>
    </ClCompile>
    <ClCompile Include="src\Spaghetti\CSpaghettiRigidBody.cpp">
      <Filter>Source Files\Spaghetti</Filter>
    </ClCompile>
    <ClCompile Include="src\Spaghetti\CSpaghettiBounds.cpp">
      <Filter>Source Files\Spaghetti</Filter>
    </ClCompile>
    <ClCompile Include="src\Spaghetti\bounds\CSpaghettiBoundsBox.cpp">
      <Filter>Source Files\Spaghetti\bounds</Filter>
    </ClCompile>
    <ClCompile Include="src\Spaghetti\CSpaghettiRigidBodyBox.cpp">
      <Filter>Source Files\Spaghetti\bodies</Filter>
    </ClCompile>
    <ClCompile Include="src\Spaghetti\CSpaghettiRigidBodySphere.cpp">
      <Filter>Source Files\Spaghetti\bodies</Filter>
    </ClCompile>
    <ClCompile Include="src\Spaghetti\bounds\CSpaghettiBoundsSphere.cpp">
      <Filter>Source Files\Spaghetti\bounds</Filter>
    </ClCompile>
    <ClCompile Include="src\Spaghetti\CCollision.cpp">
      <Filter>Source Files\Spaghetti</Filter>
    </ClCompile>
    <ClCompile Include="src\SceneLoading\CSceneManager.cpp">
      <Filter>Source Files\SceneLoading</Filter>
    </ClCompile>
    <ClCompile Include="src\SceneLoading\CScene.cpp">
      <Filter>Source Files\SceneLoading</Filter>
    </ClCompile>
    <ClCompile Include="src\SceneLoading\Debug\DebugDrawer.cpp">
      <Filter>Source Files\SceneLoading\Debugging</Filter>
    </ClCompile>
  </ItemGroup>
</Project>