<?xml version="1.0" encoding="utf-8"?>
<Project ToolsVersion="4.0" xmlns="http://schemas.microsoft.com/developer/msbuild/2003">
  <ItemGroup>
    <Filter Include="Source Files">
      <UniqueIdentifier>{4FC737F1-C7A5-4376-A066-2A32D752A2FF}</UniqueIdentifier>
      <Extensions>cpp;c;cc;cxx;def;odl;idl;hpj;bat;asm;asmx</Extensions>
    </Filter>
    <Filter Include="Header Files">
      <UniqueIdentifier>{93995380-89BD-4b04-88EB-625FBE52EBFB}</UniqueIdentifier>
      <Extensions>h;hpp;hxx;hm;inl;inc;xsd</Extensions>
    </Filter>
    <Filter Include="Resource Files">
      <UniqueIdentifier>{67DA6AB6-F800-4c08-8B7A-83BB121AAD01}</UniqueIdentifier>
      <Extensions>rc;ico;cur;bmp;dlg;rc2;rct;bin;rgs;gif;jpg;jpeg;jpe;resx;tiff;tif;png;wav;mfcribbon-ms</Extensions>
    </Filter>
    <Filter Include="Source Files\OgreApplication">
      <UniqueIdentifier>{3e51f90b-4b69-4592-bc3e-f07064c8cdbe}</UniqueIdentifier>
    </Filter>
    <Filter Include="Source Files\OgreSetup">
      <UniqueIdentifier>{6eb25974-cec2-4130-ad02-40d0e0651020}</UniqueIdentifier>
    </Filter>
    <Filter Include="Header Files\OgreApplication">
      <UniqueIdentifier>{52dfcab3-cefc-4cd7-98b8-b6d569c4514b}</UniqueIdentifier>
    </Filter>
    <Filter Include="Header Files\OgreSetup">
      <UniqueIdentifier>{5c806b8f-e020-4280-b0c5-9ee07f072754}</UniqueIdentifier>
    </Filter>
  </ItemGroup>
  <ItemGroup>
    <None Include="res\Spaghetti.ico">
      <Filter>Resource Files</Filter>
    </None>
  </ItemGroup>
  <ItemGroup>
    <ResourceCompile Include="res\Spaghetti.rc">
      <Filter>Resource Files</Filter>
    </ResourceCompile>
  </ItemGroup>
  <ItemGroup>
    <ClInclude Include="src\main.h">
      <Filter>Header Files</Filter>
    </ClInclude>
    <ClInclude Include="src\OgreApplication.h">
      <Filter>Header Files\OgreApplication</Filter>
    </ClInclude>
    <ClInclude Include="src\SimpleOgreInit.h">
      <Filter>Header Files\OgreSetup</Filter>
    </ClInclude>
    <ClInclude Include="src\EasyDefines.h">
      <Filter>Header Files\OgreApplication</Filter>
    </ClInclude>
  </ItemGroup>
  <ItemGroup>
    <ClCompile Include="src\main.cpp">
      <Filter>Source Files</Filter>
    </ClCompile>
    <ClCompile Include="src\EasyDefines.cpp">
      <Filter>Source Files\OgreApplication</Filter>
    </ClCompile>
    <ClCompile Include="src\OgreApplication.cpp">
      <Filter>Source Files\OgreApplication</Filter>
    </ClCompile>
    <ClCompile Include="src\SimpleOgreInit.cpp">
      <Filter>Source Files\OgreSetup</Filter>
    </ClCompile>
  </ItemGroup>
</Project>